
Microsoft Visual Studio Solution File, Format Version 12.00
# Visual Studio Version 16
VisualStudioVersion = 16.0.33529.622
MinimumVisualStudioVersion = 10.0.40219.1
Project("{FAE04EC0-301F-11D3-BF4B-00C04F79EFBC}") = "AuthService", "FitSync Servicers\AuthService.csproj", "{A0679259-88C6-4F91-8AFD-41A426C04A7E}"
EndProject
Project("{FAE04EC0-301F-11D3-BF4B-00C04F79EFBC}") = "WorkoutActivityService", "WorkoutActivityService\WorkoutActivityService.csproj", "{9CD70F96-154E-47EB-B408-FFA72E140A4D}"
EndProject
Global
	GlobalSection(SolutionConfigurationPlatforms) = preSolution
		Debug|Any CPU = Debug|Any CPU
		Release|Any CPU = Release|Any CPU
	EndGlobalSection
	GlobalSection(ProjectConfigurationPlatforms) = postSolution
		{A0679259-88C6-4F91-8AFD-41A426C04A7E}.Debug|Any CPU.ActiveCfg = Debug|Any CPU
		{A0679259-88C6-4F91-8AFD-41A426C04A7E}.Debug|Any CPU.Build.0 = Debug|Any CPU
		{A0679259-88C6-4F91-8AFD-41A426C04A7E}.Release|Any CPU.ActiveCfg = Release|Any CPU
		{A0679259-88C6-4F91-8AFD-41A426C04A7E}.Release|Any CPU.Build.0 = Release|Any CPU
		{9CD70F96-154E-47EB-B408-FFA72E140A4D}.Debug|Any CPU.ActiveCfg = Debug|Any CPU
		{9CD70F96-154E-47EB-B408-FFA72E140A4D}.Debug|Any CPU.Build.0 = Debug|Any CPU
		{9CD70F96-154E-47EB-B408-FFA72E140A4D}.Release|Any CPU.ActiveCfg = Release|Any CPU
		{9CD70F96-154E-47EB-B408-FFA72E140A4D}.Release|Any CPU.Build.0 = Release|Any CPU
	EndGlobalSection
	GlobalSection(SolutionProperties) = preSolution
		HideSolutionNode = FALSE
	EndGlobalSection
	GlobalSection(ExtensibilityGlobals) = postSolution
		SolutionGuid = {8341BF2F-5EA9-4246-9904-24D930A8AB2A}
	EndGlobalSection
EndGlobal
